{
  "nodes": {
    "alejandra": {
      "inputs": {
        "fenix": "fenix",
        "flakeCompat": "flakeCompat",
        "nixpkgs": [
          "nixpkgs"
        ]
      },
      "locked": {
        "lastModified": 1679679664,
        "narHash": "sha256-YSdHsJ73G7TEFzbmpZ2peuMefIa9/vNB2g+xdiyma3U=",
        "owner": "kamadorueda",
        "repo": "alejandra",
        "rev": "d00d03f0b45d2d1d6e0ae2d110c821b497d8fb09",
        "type": "github"
      },
      "original": {
        "owner": "kamadorueda",
        "repo": "alejandra",
        "type": "github"
      }
    },
    "alejandra_2": {
      "inputs": {
        "fenix": "fenix_2",
        "flakeCompat": "flakeCompat_2",
        "nixpkgs": [
          "ash-scripts",
          "nixpkgs"
        ]
      },
      "locked": {
        "lastModified": 1673815459,
        "narHash": "sha256-KPKbTe7/S++vYhlmlNLqX+p9XGMadoZjVXGLscjHkXs=",
        "owner": "kamadorueda",
        "repo": "alejandra",
        "rev": "1d27a950a85ad5c221439f3faee336344bfae460",
        "type": "github"
      },
      "original": {
        "owner": "kamadorueda",
        "repo": "alejandra",
        "type": "github"
      }
    },
    "alejandra_3": {
      "inputs": {
        "fenix": "fenix_3",
        "flakeCompat": "flakeCompat_3",
        "nixpkgs": [
          "homedev",
          "ashmacs",
          "nixpkgs"
        ]
      },
      "locked": {
        "lastModified": 1668317688,
        "narHash": "sha256-wC04cwcKyV2TUYXqMibFWkq7WOMIXHw5DrfAJrWHzgI=",
        "owner": "kamadorueda",
        "repo": "alejandra",
        "rev": "378cde949be70caea431682756b36552a58e965d",
        "type": "github"
      },
      "original": {
        "owner": "kamadorueda",
        "repo": "alejandra",
        "type": "github"
      }
    },
    "alejandra_4": {
      "inputs": {
        "fenix": "fenix_4",
        "flakeCompat": "flakeCompat_4",
        "nixpkgs": [
          "homedev",
          "ashvim",
          "nixpkgs"
        ]
      },
      "locked": {
        "lastModified": 1668317688,
        "narHash": "sha256-wC04cwcKyV2TUYXqMibFWkq7WOMIXHw5DrfAJrWHzgI=",
        "owner": "kamadorueda",
        "repo": "alejandra",
        "rev": "378cde949be70caea431682756b36552a58e965d",
        "type": "github"
      },
      "original": {
        "owner": "kamadorueda",
        "repo": "alejandra",
        "type": "github"
      }
    },
    "alejandra_5": {
      "inputs": {
        "flakeCompat": "flakeCompat_5",
        "nixpkgs": [
          "wired",
          "nixpkgs"
        ]
      },
      "locked": {
        "lastModified": 1652974241,
        "narHash": "sha256-0AolxQtKj3Oek0WSbODDpPVO5Ih8PXHOA3qXEKPB4dQ=",
        "owner": "kamadorueda",
        "repo": "alejandra",
        "rev": "0be1462419fc73270a5dc0f84f8092603890b029",
        "type": "github"
      },
      "original": {
        "owner": "kamadorueda",
        "repo": "alejandra",
        "type": "github"
      }
    },
    "ash-scripts": {
      "inputs": {
        "alejandra": "alejandra_2",
        "mozilla": [
          "mozilla"
        ],
        "naersk": "naersk",
        "nixpkgs": [
          "nixpkgs"
        ]
      },
      "locked": {
        "lastModified": 1673974461,
        "narHash": "sha256-MC7Pn/BCbvZTL9Jii2CjDpKHDEYGjKCRsNQZP/u0VWw=",
        "owner": "signalwalker",
        "repo": "scripts-rs",
        "rev": "be8a0d6e316e3e30bc6a02f4593a4968d4523f00",
        "type": "github"
      },
      "original": {
        "owner": "signalwalker",
        "repo": "scripts-rs",
        "type": "github"
      }
    },
    "ashmacs": {
      "inputs": {
        "alejandra": "alejandra_3",
        "nixpkgs": [
          "homedev",
          "nixpkgs"
        ]
      },
      "locked": {
        "lastModified": 1672172850,
        "narHash": "sha256-Da3yQAadfYPmLnc80g9izD6UD4LrEBhlpcHzVncGYIM=",
        "owner": "signalwalker",
        "repo": "cfg.emacs",
        "rev": "4487a647e02da0a571857d2eb38be3aaded3b069",
        "type": "github"
      },
      "original": {
        "owner": "signalwalker",
        "repo": "cfg.emacs",
        "type": "github"
      }
    },
    "ashvim": {
      "inputs": {
        "alejandra": "alejandra_4",
        "neovim": [
          "homedev",
          "neovim"
        ],
        "nixpkgs": [
          "homedev",
          "nixpkgs"
        ]
      },
      "locked": {
        "lastModified": 1671813169,
        "narHash": "sha256-dzKHACKhoDrp9JagkIu8EweFW9UUCfWSluLS7ox2uHA=",
        "owner": "signalwalker",
        "repo": "cfg.neovim",
        "rev": "806e6981f62828fc73d47364f24a96ee3b1f9d8e",
        "type": "github"
      },
      "original": {
        "owner": "signalwalker",
        "repo": "cfg.neovim",
        "type": "github"
      }
    },
    "beetsSrc": {
      "flake": false,
      "locked": {
        "lastModified": 1681064850,
        "narHash": "sha256-y35wnit22FyREjv79Dkr3hKNEUv4wdsYAccXUwOrI0k=",
        "owner": "beetbox",
        "repo": "beets",
        "rev": "d05c34ec4e9d8fa9e34706ac2279b7315b36e1e0",
        "type": "github"
      },
      "original": {
        "owner": "beetbox",
        "repo": "beets",
        "type": "github"
      }
    },
    "crane": {
      "inputs": {
        "flake-compat": "flake-compat",
        "flake-utils": "flake-utils_2",
        "nixpkgs": [
          "homedev",
          "nixpkgs"
        ],
        "rust-overlay": "rust-overlay"
      },
      "locked": {
        "lastModified": 1681177078,
        "narHash": "sha256-ZNIjBDou2GOabcpctiQykEQVkI8BDwk7TyvlWlI4myE=",
        "owner": "ipetkov",
        "repo": "crane",
        "rev": "0c9f468ff00576577d83f5019a66c557ede5acf6",
        "type": "github"
      },
      "original": {
        "owner": "ipetkov",
        "repo": "crane",
        "type": "github"
      }
    },
    "crane_2": {
      "flake": false,
      "locked": {
        "lastModified": 1670900067,
        "narHash": "sha256-VXVa+KBfukhmWizaiGiHRVX/fuk66P8dgSFfkVN4/MY=",
        "owner": "ipetkov",
        "repo": "crane",
        "rev": "59b31b41a589c0a65e4a1f86b0e5eac68081468b",
        "type": "github"
      },
      "original": {
        "owner": "ipetkov",
        "repo": "crane",
        "type": "github"
      }
    },
    "direnv": {
      "flake": false,
      "locked": {
        "lastModified": 1681033524,
        "narHash": "sha256-+lCdHmRaKs6q5v9P6QAZCDn6FKvwr5Cq5tgSUCks0Hs=",
        "owner": "direnv",
        "repo": "direnv",
        "rev": "0e542fe764e7d923064be80d292e038132ad704d",
        "type": "github"
      },
      "original": {
        "owner": "direnv",
        "repo": "direnv",
        "type": "github"
      }
    },
    "dream2nix": {
      "inputs": {
        "all-cabal-json": [
          "homedev",
          "helix",
          "nci"
        ],
        "crane": "crane_2",
        "devshell": [
          "homedev",
          "helix",
          "nci"
        ],
        "drv-parts": "drv-parts",
        "flake-compat": "flake-compat_2",
        "flake-parts": [
          "homedev",
          "helix",
          "nci",
          "parts"
        ],
        "flake-utils-pre-commit": [
          "homedev",
          "helix",
          "nci"
        ],
        "ghc-utils": [
          "homedev",
          "helix",
          "nci"
        ],
        "gomod2nix": [
          "homedev",
          "helix",
          "nci"
        ],
        "mach-nix": [
          "homedev",
          "helix",
          "nci"
        ],
        "nix-pypi-fetcher": [
          "homedev",
          "helix",
          "nci"
        ],
        "nixpkgs": [
          "homedev",
          "helix",
          "nci",
          "nixpkgs"
        ],
        "nixpkgsV1": "nixpkgsV1",
        "poetry2nix": [
          "homedev",
          "helix",
          "nci"
        ],
        "pre-commit-hooks": [
          "homedev",
          "helix",
          "nci"
        ],
        "pruned-racket-catalog": [
          "homedev",
          "helix",
          "nci"
        ]
      },
      "locked": {
        "lastModified": 1680258209,
        "narHash": "sha256-lEo50RXI/17/a9aCIun8Hz62ZJ5JM5RGeTgclIP+Lgc=",
        "owner": "nix-community",
        "repo": "dream2nix",
        "rev": "6f512b5a220fdb26bd3c659f7b55e4f052ec8b35",
        "type": "github"
      },
      "original": {
        "owner": "nix-community",
        "repo": "dream2nix",
        "type": "github"
      }
    },
    "drv-parts": {
      "inputs": {
        "flake-compat": [
          "homedev",
          "helix",
          "nci",
          "dream2nix",
          "flake-compat"
        ],
        "flake-parts": [
          "homedev",
          "helix",
          "nci",
          "dream2nix",
          "flake-parts"
        ],
        "nixpkgs": [
          "homedev",
          "helix",
          "nci",
          "dream2nix",
          "nixpkgs"
        ]
      },
      "locked": {
        "lastModified": 1680172861,
        "narHash": "sha256-QMyI338xRxaHFDlCXdLCtgelGQX2PdlagZALky4ZXJ8=",
        "owner": "davhau",
        "repo": "drv-parts",
        "rev": "ced8a52f62b0a94244713df2225c05c85b416110",
        "type": "github"
      },
      "original": {
        "owner": "davhau",
        "repo": "drv-parts",
        "type": "github"
      }
    },
    "fenix": {
      "inputs": {
        "nixpkgs": [
          "alejandra",
          "nixpkgs"
        ],
        "rust-analyzer-src": "rust-analyzer-src"
      },
      "locked": {
        "lastModified": 1668234453,
        "narHash": "sha256-FmuZThToBvRsqCauYJ3l8HJoGLAY5cMULeYEKIaGrRw=",
        "owner": "nix-community",
        "repo": "fenix",
        "rev": "8f219f6b36e8d0d56afa7f67e6e3df63ef013cdb",
        "type": "github"
      },
      "original": {
        "owner": "nix-community",
        "repo": "fenix",
        "type": "github"
      }
    },
    "fenix_2": {
      "inputs": {
        "nixpkgs": [
          "ash-scripts",
          "alejandra",
          "nixpkgs"
        ],
        "rust-analyzer-src": "rust-analyzer-src_2"
      },
      "locked": {
        "lastModified": 1668234453,
        "narHash": "sha256-FmuZThToBvRsqCauYJ3l8HJoGLAY5cMULeYEKIaGrRw=",
        "owner": "nix-community",
        "repo": "fenix",
        "rev": "8f219f6b36e8d0d56afa7f67e6e3df63ef013cdb",
        "type": "github"
      },
      "original": {
        "owner": "nix-community",
        "repo": "fenix",
        "type": "github"
      }
    },
    "fenix_3": {
      "inputs": {
        "nixpkgs": [
          "homedev",
          "ashmacs",
          "alejandra",
          "nixpkgs"
        ],
        "rust-analyzer-src": "rust-analyzer-src_3"
      },
      "locked": {
        "lastModified": 1668234453,
        "narHash": "sha256-FmuZThToBvRsqCauYJ3l8HJoGLAY5cMULeYEKIaGrRw=",
        "owner": "nix-community",
        "repo": "fenix",
        "rev": "8f219f6b36e8d0d56afa7f67e6e3df63ef013cdb",
        "type": "github"
      },
      "original": {
        "owner": "nix-community",
        "repo": "fenix",
        "type": "github"
      }
    },
    "fenix_4": {
      "inputs": {
        "nixpkgs": [
          "homedev",
          "ashvim",
          "alejandra",
          "nixpkgs"
        ],
        "rust-analyzer-src": "rust-analyzer-src_4"
      },
      "locked": {
        "lastModified": 1668234453,
        "narHash": "sha256-FmuZThToBvRsqCauYJ3l8HJoGLAY5cMULeYEKIaGrRw=",
        "owner": "nix-community",
        "repo": "fenix",
        "rev": "8f219f6b36e8d0d56afa7f67e6e3df63ef013cdb",
        "type": "github"
      },
      "original": {
        "owner": "nix-community",
        "repo": "fenix",
        "type": "github"
      }
    },
    "fenix_5": {
      "inputs": {
        "nixpkgs": [
          "homedev",
          "statix",
          "nixpkgs"
        ],
        "rust-analyzer-src": "rust-analyzer-src_5"
      },
      "locked": {
        "lastModified": 1645251813,
        "narHash": "sha256-cQ66tGjnZclBCS3nD26mZ5fUH+3/HnysGffBiWXUSHk=",
        "owner": "nix-community",
        "repo": "fenix",
        "rev": "9892337b588c38ec59466a1c89befce464aae7f8",
        "type": "github"
      },
      "original": {
        "owner": "nix-community",
        "repo": "fenix",
        "type": "github"
      }
    },
    "fishDone": {
      "flake": false,
      "locked": {
        "lastModified": 1633849654,
        "narHash": "sha256-6oeyN9ngXWvps1c5QAUjlyPDQwRWAoxBiVTNmZ4sG8E=",
        "owner": "franciscolourenco",
        "repo": "done",
        "rev": "d6abb267bb3fb7e987a9352bc43dcdb67bac9f06",
        "type": "github"
      },
      "original": {
        "owner": "franciscolourenco",
        "repo": "done",
        "type": "github"
      }
    },
    "fishFzf": {
      "flake": false,
      "locked": {
        "lastModified": 1674674469,
        "narHash": "sha256-i9FcuQdmNlJnMWQp7myF3N0tMD/2I0CaMs/PlD8o1gw=",
        "owner": "PatrickF1",
        "repo": "fzf.fish",
        "rev": "63c8f8e65761295da51029c5b6c9e601571837a1",
        "type": "github"
      },
      "original": {
        "owner": "PatrickF1",
        "repo": "fzf.fish",
        "type": "github"
      }
    },
    "flake-compat": {
      "flake": false,
      "locked": {
        "lastModified": 1673956053,
        "narHash": "sha256-4gtG9iQuiKITOjNQQeQIpoIB6b16fm+504Ch3sNKLd8=",
        "owner": "edolstra",
        "repo": "flake-compat",
        "rev": "35bb57c0c8d8b62bbfd284272c928ceb64ddbde9",
        "type": "github"
      },
      "original": {
        "owner": "edolstra",
        "repo": "flake-compat",
        "type": "github"
      }
    },
    "flake-compat_2": {
      "flake": false,
      "locked": {
        "lastModified": 1673956053,
        "narHash": "sha256-4gtG9iQuiKITOjNQQeQIpoIB6b16fm+504Ch3sNKLd8=",
        "owner": "edolstra",
        "repo": "flake-compat",
        "rev": "35bb57c0c8d8b62bbfd284272c928ceb64ddbde9",
        "type": "github"
      },
      "original": {
        "owner": "edolstra",
        "repo": "flake-compat",
        "type": "github"
      }
    },
    "flake-utils": {
      "locked": {
        "lastModified": 1667395993,
        "narHash": "sha256-nuEHfE/LcWyuSWnS8t12N1wc105Qtau+/OdUAjtQ0rA=",
        "owner": "numtide",
        "repo": "flake-utils",
        "rev": "5aed5285a952e0b949eb3ba02c12fa4fcfef535f",
        "type": "github"
      },
      "original": {
        "owner": "numtide",
        "repo": "flake-utils",
        "type": "github"
      }
    },
    "flake-utils_2": {
      "locked": {
        "lastModified": 1678901627,
        "narHash": "sha256-U02riOqrKKzwjsxc/400XnElV+UtPUQWpANPlyazjH0=",
        "owner": "numtide",
        "repo": "flake-utils",
        "rev": "93a2b84fc4b70d9e089d029deacc3583435c2ed6",
        "type": "github"
      },
      "original": {
        "owner": "numtide",
        "repo": "flake-utils",
        "type": "github"
      }
    },
    "flake-utils_3": {
      "locked": {
        "lastModified": 1659877975,
        "narHash": "sha256-zllb8aq3YO3h8B/U0/J1WBgAL8EX5yWf5pMj3G0NAmc=",
        "owner": "numtide",
        "repo": "flake-utils",
        "rev": "c0e246b9b83f637f4681389ecabcb2681b4f3af0",
        "type": "github"
      },
      "original": {
        "owner": "numtide",
        "repo": "flake-utils",
        "type": "github"
      }
    },
    "flake-utils_4": {
      "locked": {
        "lastModified": 1667395993,
        "narHash": "sha256-nuEHfE/LcWyuSWnS8t12N1wc105Qtau+/OdUAjtQ0rA=",
        "owner": "numtide",
        "repo": "flake-utils",
        "rev": "5aed5285a952e0b949eb3ba02c12fa4fcfef535f",
        "type": "github"
      },
      "original": {
        "owner": "numtide",
        "repo": "flake-utils",
        "type": "github"
      }
    },
    "flake-utils_5": {
      "inputs": {
        "systems": "systems"
      },
      "locked": {
        "lastModified": 1681202837,
        "narHash": "sha256-H+Rh19JDwRtpVPAWp64F+rlEtxUWBAQW28eAi3SRSzg=",
        "owner": "numtide",
        "repo": "flake-utils",
        "rev": "cfacdce06f30d2b68473a46042957675eebb3401",
        "type": "github"
      },
      "original": {
        "owner": "numtide",
        "repo": "flake-utils",
        "type": "github"
      }
    },
    "flakeCompat": {
      "flake": false,
      "locked": {
        "lastModified": 1650374568,
        "narHash": "sha256-Z+s0J8/r907g149rllvwhb4pKi8Wam5ij0st8PwAh+E=",
        "owner": "edolstra",
        "repo": "flake-compat",
        "rev": "b4a34015c698c7793d592d66adbab377907a2be8",
        "type": "github"
      },
      "original": {
        "owner": "edolstra",
        "repo": "flake-compat",
        "type": "github"
      }
    },
    "flakeCompat_2": {
      "flake": false,
      "locked": {
        "lastModified": 1650374568,
        "narHash": "sha256-Z+s0J8/r907g149rllvwhb4pKi8Wam5ij0st8PwAh+E=",
        "owner": "edolstra",
        "repo": "flake-compat",
        "rev": "b4a34015c698c7793d592d66adbab377907a2be8",
        "type": "github"
      },
      "original": {
        "owner": "edolstra",
        "repo": "flake-compat",
        "type": "github"
      }
    },
    "flakeCompat_3": {
      "flake": false,
      "locked": {
        "lastModified": 1650374568,
        "narHash": "sha256-Z+s0J8/r907g149rllvwhb4pKi8Wam5ij0st8PwAh+E=",
        "owner": "edolstra",
        "repo": "flake-compat",
        "rev": "b4a34015c698c7793d592d66adbab377907a2be8",
        "type": "github"
      },
      "original": {
        "owner": "edolstra",
        "repo": "flake-compat",
        "type": "github"
      }
    },
    "flakeCompat_4": {
      "flake": false,
      "locked": {
        "lastModified": 1650374568,
        "narHash": "sha256-Z+s0J8/r907g149rllvwhb4pKi8Wam5ij0st8PwAh+E=",
        "owner": "edolstra",
        "repo": "flake-compat",
        "rev": "b4a34015c698c7793d592d66adbab377907a2be8",
        "type": "github"
      },
      "original": {
        "owner": "edolstra",
        "repo": "flake-compat",
        "type": "github"
      }
    },
    "flakeCompat_5": {
      "flake": false,
      "locked": {
        "lastModified": 1648199409,
        "narHash": "sha256-JwPKdC2PoVBkG6E+eWw3j6BMR6sL3COpYWfif7RVb8Y=",
        "owner": "edolstra",
        "repo": "flake-compat",
        "rev": "64a525ee38886ab9028e6f61790de0832aa3ef03",
        "type": "github"
      },
      "original": {
        "owner": "edolstra",
        "repo": "flake-compat",
        "type": "github"
      }
    },
    "helix": {
      "inputs": {
        "nci": "nci",
        "nixpkgs": [
          "homedev",
          "nixpkgs"
        ],
        "parts": "parts_2",
        "rust-overlay": "rust-overlay_2"
      },
      "locked": {
        "lastModified": 1681484601,
        "narHash": "sha256-P4PKDkK34HcKpz+JM6J/A+xalX6JS0T4OpOK68vmf1c=",
        "owner": "helix-editor",
        "repo": "helix",
        "rev": "4cdba7cccdd6a9fe5fbb3d15c9db3edc147b7a90",
        "type": "github"
      },
      "original": {
        "owner": "helix-editor",
        "repo": "helix",
        "type": "github"
      }
    },
    "helixSrc": {
      "flake": false,
      "locked": {
        "lastModified": 1681484601,
        "narHash": "sha256-P4PKDkK34HcKpz+JM6J/A+xalX6JS0T4OpOK68vmf1c=",
        "owner": "helix-editor",
        "repo": "helix",
        "rev": "4cdba7cccdd6a9fe5fbb3d15c9db3edc147b7a90",
        "type": "github"
      },
      "original": {
        "owner": "helix-editor",
        "repo": "helix",
        "type": "github"
      }
    },
    "home-manager": {
      "inputs": {
        "nixpkgs": [
          "nixpkgs"
        ]
      },
      "locked": {
        "lastModified": 1681468923,
        "narHash": "sha256-+X2oO4juRVhQRs002mn8km6PODccIRiz09c2K1xtSpY=",
        "owner": "nix-community",
        "repo": "home-manager",
        "rev": "17198cf5ae27af5b647c7dac58d935a7d0dbd189",
        "type": "github"
      },
      "original": {
        "owner": "nix-community",
        "repo": "home-manager",
        "type": "github"
      }
    },
    "home-manager_2": {
      "inputs": {
        "nixpkgs": [
          "sysbase",
          "nixpkgs"
        ]
      },
      "locked": {
        "lastModified": 1681468923,
        "narHash": "sha256-+X2oO4juRVhQRs002mn8km6PODccIRiz09c2K1xtSpY=",
        "owner": "nix-community",
        "repo": "home-manager",
        "rev": "17198cf5ae27af5b647c7dac58d935a7d0dbd189",
        "type": "github"
      },
      "original": {
        "owner": "nix-community",
        "repo": "home-manager",
        "type": "github"
      }
    },
    "home-manager_3": {
      "inputs": {
        "nixpkgs": [
          "syshome",
          "nixpkgs"
        ],
        "utils": "utils_2"
      },
      "locked": {
        "lastModified": 1680000368,
        "narHash": "sha256-TlgC4IJ7aotynUdkGRtaAVxquaiddO38Ws89nB7VGY8=",
        "owner": "nix-community",
        "repo": "home-manager",
        "rev": "765e4007b6f9f111469a25d1df6540e8e0ca73a6",
        "type": "github"
      },
      "original": {
        "owner": "nix-community",
        "repo": "home-manager",
        "type": "github"
      }
    },
    "homebase": {
      "inputs": {
        "alejandra": [
          "alejandra"
        ],
        "fishFzf": "fishFzf",
        "home-manager": [
          "home-manager"
        ],
        "homelib": [
          "homelib"
        ],
        "nixpkgs": [
          "nixpkgs"
        ]
      },
      "locked": {
        "lastModified": 1681486694,
        "narHash": "sha256-OC3DyZrXnHkDxkL+TxHyogVYvxddXTV5Ymo8SVtPUNY=",
        "owner": "signalwalker",
        "repo": "nix.home.base",
        "rev": "2686b4385d97cc4c6aeec5c8271f75fd3eb2db42",
        "type": "github"
      },
      "original": {
        "owner": "signalwalker",
        "repo": "nix.home.base",
        "type": "github"
      }
    },
    "homedesk": {
      "inputs": {
        "alejandra": [
          "alejandra"
        ],
        "ash-scripts": [
          "ash-scripts"
        ],
        "fishDone": "fishDone",
        "helixSrc": "helixSrc",
        "homebase": [
          "homebase"
        ],
        "homelib": [
          "homelib"
        ],
        "kitty": "kitty",
        "mozilla": [
          "mozilla"
        ],
        "nixpkgs": [
          "nixpkgs"
        ],
        "polybar-scripts": [
          "polybar-scripts"
        ],
        "waybarSrc": "waybarSrc",
        "wired": [
          "wired"
        ],
        "yofi": "yofi"
      },
      "locked": {
        "lastModified": 1681486708,
        "narHash": "sha256-2TIqryU7qnrYKN/BJo+IJtYWaP8EYLZzYrVaN573DAA=",
        "owner": "signalwalker",
        "repo": "nix.home.desktop",
        "rev": "c40b0590196e374fa2d36fba4fa1086f7461b697",
        "type": "github"
      },
      "original": {
        "owner": "signalwalker",
        "repo": "nix.home.desktop",
        "type": "github"
      }
    },
    "homedev": {
      "inputs": {
        "alejandra": [
          "alejandra"
        ],
        "ashmacs": "ashmacs",
        "ashvim": "ashvim",
        "crane": "crane",
        "direnv": "direnv",
        "helix": "helix",
        "homebase": [
          "homebase"
        ],
        "homelib": [
          "homelib"
        ],
        "mozilla": [
          "mozilla"
        ],
        "neovim": "neovim",
        "nix-direnv": "nix-direnv",
        "nixpkgs": [
          "nixpkgs"
        ],
        "onefetch": "onefetch",
        "rnix-lsp": "rnix-lsp",
        "statix": "statix"
      },
      "locked": {
        "lastModified": 1681486776,
        "narHash": "sha256-6QP1AvmSeLVT7V3T9Th8wv7GPKMmnpVHCjXjVovJqkM=",
        "owner": "signalwalker",
        "repo": "nix.home.dev",
        "rev": "5d5245ecb838186e847b11f5805a63a22a8da8fb",
        "type": "github"
      },
      "original": {
        "owner": "signalwalker",
        "repo": "nix.home.dev",
        "type": "github"
      }
    },
    "homelib": {
      "inputs": {
        "alejandra": [
          "alejandra"
        ],
        "home-manager": [
          "home-manager"
        ],
        "nixpkgs": [
          "nixpkgs"
        ]
      },
      "locked": {
        "lastModified": 1681486688,
        "narHash": "sha256-sXNF2BjSqQQM0pjcfkOY8/mEIhV0J62ao/FtZCrpeJo=",
        "owner": "signalwalker",
        "repo": "nix.home.lib",
        "rev": "f3e0086bb6b80d4139ee11e8e778a868bc09c782",
        "type": "github"
      },
      "original": {
        "owner": "signalwalker",
        "repo": "nix.home.lib",
        "type": "github"
      }
    },
    "homemedia": {
      "inputs": {
        "alejandra": [
          "alejandra"
        ],
        "beetsSrc": "beetsSrc",
        "homebase": [
          "homebase"
        ],
        "homedesk": [
          "homedesk"
        ],
        "homelib": [
          "homelib"
        ],
        "nixpkgs": [
          "nixpkgs"
        ]
      },
      "locked": {
        "lastModified": 1681486782,
        "narHash": "sha256-I5GCPRzK7nfOgd1AjEtpefQGkCKJ7k4vB3h2HSLvShg=",
        "owner": "signalwalker",
        "repo": "nix.home.media",
        "rev": "4fa1ce64c9ce117e0a5622cdfa502fb090a67fd5",
        "type": "github"
      },
      "original": {
        "owner": "signalwalker",
        "repo": "nix.home.media",
        "type": "github"
      }
    },
    "kitty": {
      "flake": false,
      "locked": {
        "lastModified": 1681372743,
        "narHash": "sha256-U/3Xq26w6RWmRG51+/fbpQfVplbZcPIf74g/YHnJ7Xc=",
        "owner": "kovidgoyal",
        "repo": "kitty",
        "rev": "2f63f24e7d7a7998bd79fea0d74633f2453fdd38",
        "type": "github"
      },
      "original": {
        "owner": "kovidgoyal",
        "repo": "kitty",
        "type": "github"
      }
    },
    "mk-naked-shell": {
      "flake": false,
      "locked": {
        "lastModified": 1676572903,
        "narHash": "sha256-oQoDHHUTxNVSURfkFcYLuAK+btjs30T4rbEUtCUyKy8=",
        "owner": "yusdacra",
        "repo": "mk-naked-shell",
        "rev": "aeca9f8aa592f5e8f71f407d081cb26fd30c5a57",
        "type": "github"
      },
      "original": {
        "owner": "yusdacra",
        "repo": "mk-naked-shell",
        "type": "github"
      }
    },
    "mozilla": {
      "locked": {
        "lastModified": 1677493379,
        "narHash": "sha256-A1gO8zlWLv3+tZ3cGVB1WYvvoN9pbFyv0xIJHcTsckw=",
        "owner": "mozilla",
        "repo": "nixpkgs-mozilla",
        "rev": "78e723925daf5c9e8d0a1837ec27059e61649cb6",
        "type": "github"
      },
      "original": {
        "owner": "mozilla",
        "repo": "nixpkgs-mozilla",
        "type": "github"
      }
    },
    "naersk": {
      "inputs": {
        "nixpkgs": [
          "ash-scripts",
          "nixpkgs"
        ]
      },
      "locked": {
        "lastModified": 1671096816,
        "narHash": "sha256-ezQCsNgmpUHdZANDCILm3RvtO1xH8uujk/+EqNvzIOg=",
        "owner": "nix-community",
        "repo": "naersk",
        "rev": "d998160d6a076cfe8f9741e56aeec7e267e3e114",
        "type": "github"
      },
      "original": {
        "owner": "nix-community",
        "repo": "naersk",
        "type": "github"
      }
    },
    "naersk_2": {
      "inputs": {
        "nixpkgs": [
          "homedev",
          "rnix-lsp",
          "nixpkgs"
        ]
      },
      "locked": {
        "lastModified": 1655042882,
        "narHash": "sha256-9BX8Fuez5YJlN7cdPO63InoyBy7dm3VlJkkmTt6fS1A=",
        "owner": "nix-community",
        "repo": "naersk",
        "rev": "cddffb5aa211f50c4b8750adbec0bbbdfb26bb9f",
        "type": "github"
      },
      "original": {
        "owner": "nix-community",
        "repo": "naersk",
        "type": "github"
      }
    },
    "nci": {
      "inputs": {
        "dream2nix": "dream2nix",
        "mk-naked-shell": "mk-naked-shell",
        "nixpkgs": [
          "homedev",
          "helix",
          "nixpkgs"
        ],
        "parts": "parts",
        "rust-overlay": [
          "homedev",
          "helix",
          "rust-overlay"
        ]
      },
      "locked": {
        "lastModified": 1680329418,
        "narHash": "sha256-+KN0eQLSZvL1J0kDO8/fxv0UCHTyZCADLmpIfeeiSGo=",
        "owner": "yusdacra",
        "repo": "nix-cargo-integration",
        "rev": "98c1d2ff5155f0fee5d290f6b982cb990839d540",
        "type": "github"
      },
      "original": {
        "owner": "yusdacra",
        "repo": "nix-cargo-integration",
        "type": "github"
      }
    },
    "neovim": {
      "inputs": {
        "flake-utils": "flake-utils_4",
        "nixpkgs": [
          "homedev",
          "nixpkgs"
        ]
      },
      "locked": {
        "dir": "contrib",
        "lastModified": 1681480573,
        "narHash": "sha256-4AGNy0TmhJC8BOYyeo/K5Atcyp77auAVTjmcovWEgs8=",
        "owner": "neovim",
        "repo": "neovim",
        "rev": "ae9654dd7336e263e18ca7da4a40a25ec684002d",
        "type": "github"
      },
      "original": {
        "dir": "contrib",
        "owner": "neovim",
        "repo": "neovim",
        "type": "github"
      }
    },
    "nix-direnv": {
      "inputs": {
        "flake-utils": "flake-utils_5",
        "nixpkgs": [
          "homedev",
          "nixpkgs"
        ]
      },
      "locked": {
        "lastModified": 1681477802,
        "narHash": "sha256-47+ikI3It7nhYCm4VJK9pYLKX5/iW2PG0zW05ZKO/OI=",
        "owner": "nix-community",
        "repo": "nix-direnv",
        "rev": "9b4f81f9676a41e4b35ca5c65948181a7243145a",
        "type": "github"
      },
      "original": {
        "owner": "nix-community",
        "repo": "nix-direnv",
        "type": "github"
      }
    },
    "nixlib": {
      "locked": {
        "lastModified": 1681001314,
        "narHash": "sha256-5sDnCLdrKZqxLPK4KA8+f4A3YKO/u6ElpMILvX0g72c=",
        "owner": "nix-community",
        "repo": "nixpkgs.lib",
        "rev": "367c0e1086a4eb4502b24d872cea2c7acdd557f4",
        "type": "github"
      },
      "original": {
        "owner": "nix-community",
        "repo": "nixpkgs.lib",
        "type": "github"
      }
    },
    "nixos-generators": {
      "inputs": {
        "nixlib": "nixlib",
        "nixpkgs": [
          "sysbase",
          "nixpkgs"
        ]
      },
      "locked": {
        "lastModified": 1681464810,
        "narHash": "sha256-G7AD9qMvD7lU+5K7tTZpUMXvQa0kFR5KKY9y/okcX+w=",
        "owner": "nix-community",
        "repo": "nixos-generators",
        "rev": "5ad9f98194cfe7aa990929fb8cae28c500da7620",
        "type": "github"
      },
      "original": {
        "owner": "nix-community",
        "repo": "nixos-generators",
        "type": "github"
      }
    },
    "nixpkgs": {
      "locked": {
        "lastModified": 1681389457,
        "narHash": "sha256-Z6TRJ2aI1eRd+kICdrkNyL2aH7XKw8ogzLdtGz1Q9qI=",
        "owner": "NixOS",
        "repo": "nixpkgs",
        "rev": "c58e6fbf258df1572b535ac1868ec42faf7675dd",
        "type": "github"
      },
      "original": {
        "owner": "NixOS",
        "ref": "nixpkgs-unstable",
        "repo": "nixpkgs",
        "type": "github"
      }
    },
    "nixpkgs-lib": {
      "locked": {
        "dir": "lib",
        "lastModified": 1678375444,
        "narHash": "sha256-XIgHfGvjFvZQ8hrkfocanCDxMefc/77rXeHvYdzBMc8=",
        "owner": "NixOS",
        "repo": "nixpkgs",
        "rev": "130fa0baaa2b93ec45523fdcde942f6844ee9f6e",
        "type": "github"
      },
      "original": {
        "dir": "lib",
        "owner": "NixOS",
        "ref": "nixos-unstable",
        "repo": "nixpkgs",
        "type": "github"
      }
    },
    "nixpkgsV1": {
      "locked": {
        "lastModified": 1678500271,
        "narHash": "sha256-tRBLElf6f02HJGG0ZR7znMNFv/Uf7b2fFInpTHiHaSE=",
        "owner": "NixOS",
        "repo": "nixpkgs",
        "rev": "5eb98948b66de29f899c7fe27ae112a47964baf8",
        "type": "github"
      },
      "original": {
        "id": "nixpkgs",
        "ref": "nixos-22.11",
        "type": "indirect"
      }
    },
    "onefetch": {
      "flake": false,
      "locked": {
        "lastModified": 1681139125,
        "narHash": "sha256-g1ojeqywgnjj7Ep6lfim5FWunOnyTvkO+Sx5OaYicH0=",
        "owner": "o2sh",
        "repo": "onefetch",
        "rev": "9c919b91244efe247b7eb3f5a18efab678b83894",
        "type": "github"
      },
      "original": {
        "owner": "o2sh",
        "repo": "onefetch",
        "type": "github"
      }
    },
    "parts": {
      "inputs": {
        "nixpkgs-lib": [
          "homedev",
          "helix",
          "nci",
          "nixpkgs"
        ]
      },
      "locked": {
        "lastModified": 1679737941,
        "narHash": "sha256-srSD9CwsVPnUMsIZ7Kt/UegkKUEBcTyU1Rev7mO45S0=",
        "owner": "hercules-ci",
        "repo": "flake-parts",
        "rev": "3502ee99d6dade045bdeaf7b0cd8ec703484c25c",
        "type": "github"
      },
      "original": {
        "owner": "hercules-ci",
        "repo": "flake-parts",
        "type": "github"
      }
    },
    "parts_2": {
      "inputs": {
        "nixpkgs-lib": "nixpkgs-lib"
      },
      "locked": {
        "lastModified": 1679737941,
        "narHash": "sha256-srSD9CwsVPnUMsIZ7Kt/UegkKUEBcTyU1Rev7mO45S0=",
        "owner": "hercules-ci",
        "repo": "flake-parts",
        "rev": "3502ee99d6dade045bdeaf7b0cd8ec703484c25c",
        "type": "github"
      },
      "original": {
        "owner": "hercules-ci",
        "repo": "flake-parts",
        "type": "github"
      }
    },
    "polybar-scripts": {
      "flake": false,
      "locked": {
        "lastModified": 1681485970,
        "narHash": "sha256-zYakHVEb3lt7m3Bc2jYNZXbdNm1zrNRRFhUPAFiZB8I=",
        "owner": "polybar",
        "repo": "polybar-scripts",
        "rev": "84ec495fc7402d5055e03f03d9445d141e4ff318",
        "type": "github"
      },
      "original": {
        "owner": "polybar",
        "repo": "polybar-scripts",
        "type": "github"
      }
    },
    "rnix-lsp": {
      "inputs": {
        "naersk": "naersk_2",
        "nixpkgs": [
          "homedev",
          "nixpkgs"
        ],
        "utils": "utils"
      },
      "locked": {
        "lastModified": 1669555118,
        "narHash": "sha256-F0s0m62S5bHNVWNHLZD6SeHiLrsDx98VQbRjDyIu+qQ=",
        "owner": "nix-community",
        "repo": "rnix-lsp",
        "rev": "95d40673fe43642e2e1144341e86d0036abd95d9",
        "type": "github"
      },
      "original": {
        "owner": "nix-community",
        "repo": "rnix-lsp",
        "type": "github"
      }
    },
    "root": {
      "inputs": {
        "alejandra": "alejandra",
        "ash-scripts": "ash-scripts",
        "home-manager": "home-manager",
        "homebase": "homebase",
        "homedesk": "homedesk",
        "homedev": "homedev",
        "homelib": "homelib",
        "homemedia": "homemedia",
        "mozilla": "mozilla",
        "nixpkgs": "nixpkgs",
        "polybar-scripts": "polybar-scripts",
        "sysbase": "sysbase",
        "syshome": "syshome",
        "wired": "wired"
      }
    },
    "rust-analyzer-src": {
      "flake": false,
      "locked": {
        "lastModified": 1668182250,
        "narHash": "sha256-PYGaOCiFvnJdVz+ZCaKF8geGdffXjJUNcMwaBHv0FT4=",
        "owner": "rust-lang",
        "repo": "rust-analyzer",
        "rev": "45ec315e01dc8dd1146dfeb65f0ef6e5c2efed78",
        "type": "github"
      },
      "original": {
        "owner": "rust-lang",
        "ref": "nightly",
        "repo": "rust-analyzer",
        "type": "github"
      }
    },
    "rust-analyzer-src_2": {
      "flake": false,
      "locked": {
        "lastModified": 1668182250,
        "narHash": "sha256-PYGaOCiFvnJdVz+ZCaKF8geGdffXjJUNcMwaBHv0FT4=",
        "owner": "rust-lang",
        "repo": "rust-analyzer",
        "rev": "45ec315e01dc8dd1146dfeb65f0ef6e5c2efed78",
        "type": "github"
      },
      "original": {
        "owner": "rust-lang",
        "ref": "nightly",
        "repo": "rust-analyzer",
        "type": "github"
      }
    },
    "rust-analyzer-src_3": {
      "flake": false,
      "locked": {
        "lastModified": 1668182250,
        "narHash": "sha256-PYGaOCiFvnJdVz+ZCaKF8geGdffXjJUNcMwaBHv0FT4=",
        "owner": "rust-lang",
        "repo": "rust-analyzer",
        "rev": "45ec315e01dc8dd1146dfeb65f0ef6e5c2efed78",
        "type": "github"
      },
      "original": {
        "owner": "rust-lang",
        "ref": "nightly",
        "repo": "rust-analyzer",
        "type": "github"
      }
    },
    "rust-analyzer-src_4": {
      "flake": false,
      "locked": {
        "lastModified": 1668182250,
        "narHash": "sha256-PYGaOCiFvnJdVz+ZCaKF8geGdffXjJUNcMwaBHv0FT4=",
        "owner": "rust-lang",
        "repo": "rust-analyzer",
        "rev": "45ec315e01dc8dd1146dfeb65f0ef6e5c2efed78",
        "type": "github"
      },
      "original": {
        "owner": "rust-lang",
        "ref": "nightly",
        "repo": "rust-analyzer",
        "type": "github"
      }
    },
    "rust-analyzer-src_5": {
      "flake": false,
      "locked": {
        "lastModified": 1645205556,
        "narHash": "sha256-e4lZW3qRyOEJ+vLKFQP7m2Dxh5P44NrnekZYLxlucww=",
        "owner": "rust-analyzer",
        "repo": "rust-analyzer",
        "rev": "acf5874b39f3dc5262317a6074d9fc7285081161",
        "type": "github"
      },
      "original": {
        "owner": "rust-analyzer",
        "ref": "nightly",
        "repo": "rust-analyzer",
        "type": "github"
      }
    },
    "rust-overlay": {
      "inputs": {
        "flake-utils": [
          "homedev",
          "crane",
          "flake-utils"
        ],
        "nixpkgs": [
          "homedev",
          "crane",
          "nixpkgs"
        ]
      },
      "locked": {
        "lastModified": 1680488274,
        "narHash": "sha256-0vYMrZDdokVmPQQXtFpnqA2wEgCCUXf5a3dDuDVshn0=",
        "owner": "oxalica",
        "repo": "rust-overlay",
        "rev": "7ec2ff598a172c6e8584457167575b3a1a5d80d8",
        "type": "github"
      },
      "original": {
        "owner": "oxalica",
        "repo": "rust-overlay",
        "type": "github"
      }
    },
    "rust-overlay_2": {
      "inputs": {
        "flake-utils": "flake-utils_3",
        "nixpkgs": [
          "homedev",
          "helix",
          "nixpkgs"
        ]
      },
      "locked": {
        "lastModified": 1680315536,
        "narHash": "sha256-0AsBuKssJMbcRcw4HJQwJsUHhZxR5+gaf6xPQayhR44=",
        "owner": "oxalica",
        "repo": "rust-overlay",
        "rev": "5c8c151bdd639074a0051325c16df1a64ee23497",
        "type": "github"
      },
      "original": {
        "owner": "oxalica",
        "repo": "rust-overlay",
        "type": "github"
      }
    },
    "statix": {
      "inputs": {
        "fenix": "fenix_5",
        "nixpkgs": [
          "homedev",
          "nixpkgs"
        ]
      },
      "locked": {
        "lastModified": 1676888642,
        "narHash": "sha256-C73LOMVVCkeL0jA5xN7klLEDEB4NkuiATEJY4A/tIyM=",
        "owner": "nerdypepper",
        "repo": "statix",
        "rev": "3c7136a23f444db252a556928c1489869ca3ab4e",
        "type": "github"
      },
      "original": {
        "owner": "nerdypepper",
        "repo": "statix",
        "type": "github"
      }
    },
    "sysbase": {
      "inputs": {
        "alejandra": [
          "alejandra"
        ],
        "home-manager": "home-manager_2",
        "homebase": [
          "homebase"
        ],
        "homelib": [
          "homelib"
        ],
        "nixos-generators": "nixos-generators",
        "nixpkgs": [
          "nixpkgs"
        ]
      },
      "locked": {
        "lastModified": 1681486793,
        "narHash": "sha256-/synFstbN7I+AYst5/LEmqNpCg7NnW2w1ZkIro+nXaw=",
        "owner": "signalwalker",
        "repo": "nix.sys.base",
        "rev": "624455f1ceeb183cec5a95507bc60f1717e00b38",
        "type": "github"
      },
      "original": {
        "owner": "signalwalker",
        "repo": "nix.sys.base",
        "type": "github"
      }
    },
    "syshome": {
      "inputs": {
        "alejandra": [
          "alejandra"
        ],
        "home-manager": "home-manager_3",
        "homebase": [
          "homebase"
        ],
        "homelib": [
          "homelib"
        ],
        "nixpkgs": [
          "nixpkgs"
        ],
        "sysbase": [
          "sysbase"
        ]
      },
      "locked": {
        "lastModified": 1680092357,
        "narHash": "sha256-UxWtKKJ5aQXDmOIqAQt0kZZ/HtHeMnhP31Iv/ZHcFOU=",
        "owner": "signalwalker",
        "repo": "nix.sys.home",
        "rev": "30c39019550fc9fdfa1c612c774cc61c711ad00e",
        "type": "github"
      },
      "original": {
        "owner": "signalwalker",
        "repo": "nix.sys.home",
        "type": "github"
      }
    },
    "systems": {
      "locked": {
        "lastModified": 1681028828,
        "narHash": "sha256-Vy1rq5AaRuLzOxct8nz4T6wlgyUR7zLU309k9mBC768=",
        "owner": "nix-systems",
        "repo": "default",
        "rev": "da67096a3b9bf56a91d16901293e51ba5b49a27e",
        "type": "github"
      },
      "original": {
        "owner": "nix-systems",
        "repo": "default",
        "type": "github"
      }
    },
    "utils": {
      "locked": {
        "lastModified": 1656928814,
        "narHash": "sha256-RIFfgBuKz6Hp89yRr7+NR5tzIAbn52h8vT6vXkYjZoM=",
        "owner": "numtide",
        "repo": "flake-utils",
        "rev": "7e2a3b3dfd9af950a856d66b0a7d01e3c18aa249",
        "type": "github"
      },
      "original": {
        "owner": "numtide",
        "repo": "flake-utils",
        "type": "github"
      }
    },
    "utils_2": {
      "locked": {
        "lastModified": 1676283394,
        "narHash": "sha256-XX2f9c3iySLCw54rJ/CZs+ZK6IQy7GXNY4nSOyu2QG4=",
        "owner": "numtide",
        "repo": "flake-utils",
        "rev": "3db36a8b464d0c4532ba1c7dda728f4576d6d073",
        "type": "github"
      },
      "original": {
        "owner": "numtide",
        "repo": "flake-utils",
        "type": "github"
      }
    },
    "utils_3": {
      "locked": {
        "lastModified": 1652776076,
        "narHash": "sha256-gzTw/v1vj4dOVbpBSJX4J0DwUR6LIyXo7/SuuTJp1kM=",
        "owner": "numtide",
        "repo": "flake-utils",
        "rev": "04c1b180862888302ddfb2e3ad9eaa63afc60cf8",
        "type": "github"
      },
      "original": {
        "owner": "numtide",
        "repo": "flake-utils",
        "type": "github"
      }
    },
    "waybarSrc": {
      "flake": false,
      "locked": {
        "lastModified": 1681396174,
        "narHash": "sha256-4e9YqbQjEeb1B2Q/y35CLWbnUlHZFObjPVcGosuXR7w=",
        "owner": "alexays",
        "repo": "waybar",
        "rev": "61648c55d9442b0b81989b8a069c66885e4da364",
        "type": "github"
      },
      "original": {
        "owner": "alexays",
        "repo": "waybar",
        "type": "github"
      }
    },
    "wired": {
      "inputs": {
        "alejandra": "alejandra_5",
        "nixpkgs": [
          "nixpkgs"
        ],
        "utils": "utils_3"
      },
      "locked": {
        "lastModified": 1671338321,
        "narHash": "sha256-Nm/DarDGFYP+ocPcoEYh4guKXH+jndREtMl0VKMSYF8=",
        "owner": "Toqozz",
        "repo": "wired-notify",
        "rev": "f4300acba8180f8fc6babc1a118f9b3753a2b052",
        "type": "github"
      },
      "original": {
        "owner": "Toqozz",
        "repo": "wired-notify",
        "type": "github"
      }
    },
    "yofi": {
      "inputs": {
        "flake-utils": "flake-utils",
        "nixpkgs": [
          "homedesk",
          "nixpkgs"
        ]
      },
      "locked": {
        "lastModified": 1678976029,
        "narHash": "sha256-AZ2+FQtVwUFgv4kiZqMKmiXS2qygMktDE185O19BXiM=",
        "owner": "l4l",
        "repo": "yofi",
        "rev": "811a4358913aed527348f9584d6c0767983299bb",
        "type": "github"
      },
      "original": {
        "owner": "l4l",
        "repo": "yofi",
        "type": "github"
      }
    }
  },
  "root": "root",
  "version": 7
}
