{
  "nodes": {
    "alejandra": {
      "inputs": {
        "fenix": "fenix",
        "flakeCompat": "flakeCompat",
        "nixpkgs": [
          "nixpkgs"
        ]
      },
      "locked": {
        "lastModified": 1664768050,
        "narHash": "sha256-70C5S5sF/wRes+0nCFjnNiFxxN1S+9oa2mU08KKnn7o=",
        "owner": "kamadorueda",
        "repo": "alejandra",
        "rev": "ba0b931801dbc02f911dcfac24bdfee22d1be71e",
        "type": "github"
      },
      "original": {
        "owner": "kamadorueda",
        "repo": "alejandra",
        "type": "github"
      }
    },
    "alejandra_2": {
      "inputs": {
        "fenix": "fenix_2",
        "flakeCompat": "flakeCompat_2",
        "nixpkgs": [
          "ash-scripts",
          "nixpkgs"
        ]
      },
      "locked": {
        "lastModified": 1664768050,
        "narHash": "sha256-70C5S5sF/wRes+0nCFjnNiFxxN1S+9oa2mU08KKnn7o=",
        "owner": "kamadorueda",
        "repo": "alejandra",
        "rev": "ba0b931801dbc02f911dcfac24bdfee22d1be71e",
        "type": "github"
      },
      "original": {
        "owner": "kamadorueda",
        "repo": "alejandra",
        "type": "github"
      }
    },
    "alejandra_3": {
      "inputs": {
        "flakeCompat": "flakeCompat_3",
        "nixpkgs": [
          "wired",
          "nixpkgs"
        ]
      },
      "locked": {
        "lastModified": 1652974241,
        "narHash": "sha256-0AolxQtKj3Oek0WSbODDpPVO5Ih8PXHOA3qXEKPB4dQ=",
        "owner": "kamadorueda",
        "repo": "alejandra",
        "rev": "0be1462419fc73270a5dc0f84f8092603890b029",
        "type": "github"
      },
      "original": {
        "owner": "kamadorueda",
        "repo": "alejandra",
        "type": "github"
      }
    },
    "ash-scripts": {
      "inputs": {
        "alejandra": "alejandra_2",
        "mozilla": [
          "mozilla"
        ],
        "naersk": "naersk",
        "nixpkgs": [
          "nixpkgs"
        ]
      },
      "locked": {
        "lastModified": 1666212903,
        "narHash": "sha256-k0mOALPpfmZAOdjC69Fq2PqENKtxx0CvmWOrNVXkBq8=",
        "owner": "signalwalker",
        "repo": "scripts-rs",
        "rev": "d5e670065c5a8c43d0a7a6c7813823de4e2a0bf6",
        "type": "github"
      },
      "original": {
        "owner": "signalwalker",
        "repo": "scripts-rs",
        "type": "github"
      }
    },
    "crane": {
      "inputs": {
        "flake-compat": "flake-compat",
        "flake-utils": "flake-utils",
        "nixpkgs": [
          "homedesk",
          "xremap",
          "nixpkgs"
        ]
      },
      "locked": {
        "lastModified": 1663636104,
        "narHash": "sha256-5ltv6Rig1CAWlbvs9eN1j7LsVOCOuh1tONqp+kBSvXw=",
        "owner": "ipetkov",
        "repo": "crane",
        "rev": "78f7d689fbce672ad5c0ed5ecc666ba508a7d7b8",
        "type": "github"
      },
      "original": {
        "owner": "ipetkov",
        "repo": "crane",
        "type": "github"
      }
    },
    "direnv": {
      "flake": false,
      "locked": {
        "lastModified": 1665752491,
        "narHash": "sha256-Pk3Oq1Tj5wiowR7N5Nx5WXuvPj8xl80fwTHmF6T6oNc=",
        "owner": "direnv",
        "repo": "direnv",
        "rev": "c74bab86d2c547364c0f5c282ff41d76f1ebadde",
        "type": "github"
      },
      "original": {
        "owner": "direnv",
        "repo": "direnv",
        "type": "github"
      }
    },
    "fenix": {
      "inputs": {
        "nixpkgs": [
          "alejandra",
          "nixpkgs"
        ],
        "rust-analyzer-src": "rust-analyzer-src"
      },
      "locked": {
        "lastModified": 1657607339,
        "narHash": "sha256-HaqoAwlbVVZH2n4P3jN2FFPMpVuhxDy1poNOR7kzODc=",
        "owner": "nix-community",
        "repo": "fenix",
        "rev": "b814c83d9e6aa5a28d0cf356ecfdafb2505ad37d",
        "type": "github"
      },
      "original": {
        "owner": "nix-community",
        "repo": "fenix",
        "type": "github"
      }
    },
    "fenix_2": {
      "inputs": {
        "nixpkgs": [
          "ash-scripts",
          "alejandra",
          "nixpkgs"
        ],
        "rust-analyzer-src": "rust-analyzer-src_2"
      },
      "locked": {
        "lastModified": 1657607339,
        "narHash": "sha256-HaqoAwlbVVZH2n4P3jN2FFPMpVuhxDy1poNOR7kzODc=",
        "owner": "nix-community",
        "repo": "fenix",
        "rev": "b814c83d9e6aa5a28d0cf356ecfdafb2505ad37d",
        "type": "github"
      },
      "original": {
        "owner": "nix-community",
        "repo": "fenix",
        "type": "github"
      }
    },
    "fenix_3": {
      "inputs": {
        "nixpkgs": [
          "homedev",
          "statix",
          "nixpkgs"
        ],
        "rust-analyzer-src": "rust-analyzer-src_3"
      },
      "locked": {
        "lastModified": 1645251813,
        "narHash": "sha256-cQ66tGjnZclBCS3nD26mZ5fUH+3/HnysGffBiWXUSHk=",
        "owner": "nix-community",
        "repo": "fenix",
        "rev": "9892337b588c38ec59466a1c89befce464aae7f8",
        "type": "github"
      },
      "original": {
        "owner": "nix-community",
        "repo": "fenix",
        "type": "github"
      }
    },
    "flake-compat": {
      "flake": false,
      "locked": {
        "lastModified": 1650374568,
        "narHash": "sha256-Z+s0J8/r907g149rllvwhb4pKi8Wam5ij0st8PwAh+E=",
        "owner": "edolstra",
        "repo": "flake-compat",
        "rev": "b4a34015c698c7793d592d66adbab377907a2be8",
        "type": "github"
      },
      "original": {
        "owner": "edolstra",
        "repo": "flake-compat",
        "type": "github"
      }
    },
    "flake-utils": {
      "locked": {
        "lastModified": 1659877975,
        "narHash": "sha256-zllb8aq3YO3h8B/U0/J1WBgAL8EX5yWf5pMj3G0NAmc=",
        "owner": "numtide",
        "repo": "flake-utils",
        "rev": "c0e246b9b83f637f4681389ecabcb2681b4f3af0",
        "type": "github"
      },
      "original": {
        "owner": "numtide",
        "repo": "flake-utils",
        "type": "github"
      }
    },
    "flake-utils_2": {
      "locked": {
        "lastModified": 1659877975,
        "narHash": "sha256-zllb8aq3YO3h8B/U0/J1WBgAL8EX5yWf5pMj3G0NAmc=",
        "owner": "numtide",
        "repo": "flake-utils",
        "rev": "c0e246b9b83f637f4681389ecabcb2681b4f3af0",
        "type": "github"
      },
      "original": {
        "owner": "numtide",
        "repo": "flake-utils",
        "type": "github"
      }
    },
    "flake-utils_3": {
      "locked": {
        "lastModified": 1659877975,
        "narHash": "sha256-zllb8aq3YO3h8B/U0/J1WBgAL8EX5yWf5pMj3G0NAmc=",
        "owner": "numtide",
        "repo": "flake-utils",
        "rev": "c0e246b9b83f637f4681389ecabcb2681b4f3af0",
        "type": "github"
      },
      "original": {
        "owner": "numtide",
        "repo": "flake-utils",
        "type": "github"
      }
    },
    "flakeCompat": {
      "flake": false,
      "locked": {
        "lastModified": 1650374568,
        "narHash": "sha256-Z+s0J8/r907g149rllvwhb4pKi8Wam5ij0st8PwAh+E=",
        "owner": "edolstra",
        "repo": "flake-compat",
        "rev": "b4a34015c698c7793d592d66adbab377907a2be8",
        "type": "github"
      },
      "original": {
        "owner": "edolstra",
        "repo": "flake-compat",
        "type": "github"
      }
    },
    "flakeCompat_2": {
      "flake": false,
      "locked": {
        "lastModified": 1650374568,
        "narHash": "sha256-Z+s0J8/r907g149rllvwhb4pKi8Wam5ij0st8PwAh+E=",
        "owner": "edolstra",
        "repo": "flake-compat",
        "rev": "b4a34015c698c7793d592d66adbab377907a2be8",
        "type": "github"
      },
      "original": {
        "owner": "edolstra",
        "repo": "flake-compat",
        "type": "github"
      }
    },
    "flakeCompat_3": {
      "flake": false,
      "locked": {
        "lastModified": 1648199409,
        "narHash": "sha256-JwPKdC2PoVBkG6E+eWw3j6BMR6sL3COpYWfif7RVb8Y=",
        "owner": "edolstra",
        "repo": "flake-compat",
        "rev": "64a525ee38886ab9028e6f61790de0832aa3ef03",
        "type": "github"
      },
      "original": {
        "owner": "edolstra",
        "repo": "flake-compat",
        "type": "github"
      }
    },
    "gitignore": {
      "inputs": {
        "nixpkgs": [
          "homedev",
          "statix",
          "nixpkgs"
        ]
      },
      "locked": {
        "lastModified": 1635165013,
        "narHash": "sha256-o/BdVjNwcB6jOmzZjOH703BesSkkS5O7ej3xhyO8hAY=",
        "owner": "hercules-ci",
        "repo": "gitignore.nix",
        "rev": "5b9e0ff9d3b551234b4f3eb3983744fa354b17f1",
        "type": "github"
      },
      "original": {
        "owner": "hercules-ci",
        "repo": "gitignore.nix",
        "type": "github"
      }
    },
    "home-manager": {
      "inputs": {
        "nixpkgs": [
          "nixpkgs"
        ],
        "utils": "utils"
      },
      "locked": {
        "lastModified": 1666080735,
        "narHash": "sha256-4YWYJgzt9mGuAvXAuEziYms+bYlk/1spyt3iLizRL5I=",
        "owner": "nix-community",
        "repo": "home-manager",
        "rev": "42f81ac107c5a9a177888080107094dba57f134e",
        "type": "github"
      },
      "original": {
        "owner": "nix-community",
        "repo": "home-manager",
        "type": "github"
      }
    },
    "home-manager_2": {
      "inputs": {
        "nixpkgs": [
          "sysbase",
          "nixpkgs"
        ],
        "utils": "utils_3"
      },
      "locked": {
        "lastModified": 1666080735,
        "narHash": "sha256-4YWYJgzt9mGuAvXAuEziYms+bYlk/1spyt3iLizRL5I=",
        "owner": "nix-community",
        "repo": "home-manager",
        "rev": "42f81ac107c5a9a177888080107094dba57f134e",
        "type": "github"
      },
      "original": {
        "owner": "nix-community",
        "repo": "home-manager",
        "type": "github"
      }
    },
    "homebase": {
      "inputs": {
        "alejandra": [
          "alejandra"
        ],
        "home-manager": [
          "home-manager"
        ],
        "homelib": [
          "homelib"
        ],
        "nixpkgs": [
          "nixpkgs"
        ]
      },
      "locked": {
        "lastModified": 1666203805,
        "narHash": "sha256-MbJC7JmC3bq4f9lZfAQk/gnDgSuXXN0dj9P+jbMKH64=",
        "owner": "signalwalker",
        "repo": "nix.home.base",
        "rev": "3c8eff80e88e34f8ecd5e3dd024e88801809e8c1",
        "type": "github"
      },
      "original": {
        "owner": "signalwalker",
        "repo": "nix.home.base",
        "type": "github"
      }
    },
    "homedesk": {
      "inputs": {
        "alejandra": [
          "alejandra"
        ],
        "ash-scripts": [
          "ash-scripts"
        ],
        "homebase": [
          "homebase"
        ],
        "homelib": [
          "homelib"
        ],
        "mozilla": [
          "mozilla"
        ],
        "nixpkgs": [
          "nixpkgs"
        ],
        "polybar-scripts": [
          "polybar-scripts"
        ],
        "wired": [
          "wired"
        ],
        "xremap": "xremap"
      },
      "locked": {
        "lastModified": 1666212916,
        "narHash": "sha256-W77X1UmUGCHSmXyDbQE5+xQDfUbvN5vnrBXCImN8Quo=",
        "owner": "signalwalker",
        "repo": "nix.home.desktop",
        "rev": "4265a07fe8b526fedeeafd6ba49027fc1a11dcd6",
        "type": "github"
      },
      "original": {
        "owner": "signalwalker",
        "repo": "nix.home.desktop",
        "type": "github"
      }
    },
    "homedev": {
      "inputs": {
        "alejandra": [
          "alejandra"
        ],
        "direnv": "direnv",
        "homebase": [
          "homebase"
        ],
        "homelib": [
          "homelib"
        ],
        "mozilla": [
          "mozilla"
        ],
        "neovim": "neovim",
        "nix-direnv": "nix-direnv",
        "nixpkgs": [
          "nixpkgs"
        ],
        "rnix-lsp": "rnix-lsp",
        "statix": "statix"
      },
      "locked": {
        "lastModified": 1666203840,
        "narHash": "sha256-7mHoLk2J9uk0zmRLEV5BFpYLszMnCjqR/RupwA6BpEA=",
        "owner": "signalwalker",
        "repo": "nix.home.dev",
        "rev": "bceada8dc93c0849bac3204ad478059450cc15b9",
        "type": "github"
      },
      "original": {
        "owner": "signalwalker",
        "repo": "nix.home.dev",
        "type": "github"
      }
    },
    "homelib": {
      "inputs": {
        "alejandra": [
          "alejandra"
        ],
        "home-manager": [
          "home-manager"
        ],
        "nixpkgs": [
          "nixpkgs"
        ]
      },
      "locked": {
        "lastModified": 1666203739,
        "narHash": "sha256-LBv/LtQdR+fBwzm3Tbioc2Gg61Gvt4Fa1LSZBeCKwy4=",
        "owner": "signalwalker",
        "repo": "nix.home.lib",
        "rev": "423771223b5662861a31071f94e7c865327e1727",
        "type": "github"
      },
      "original": {
        "owner": "signalwalker",
        "repo": "nix.home.lib",
        "type": "github"
      }
    },
    "homemedia": {
      "inputs": {
        "alejandra": [
          "alejandra"
        ],
        "homebase": [
          "homebase"
        ],
        "homedesk": [
          "homedesk"
        ],
        "homelib": [
          "homelib"
        ],
        "nixpkgs": [
          "nixpkgs"
        ]
      },
      "locked": {
        "lastModified": 1666214215,
        "narHash": "sha256-5VWLUcqRa8s7C3Kh4QgvejfNvKeGdmyo2te1ssZ3/Po=",
        "owner": "signalwalker",
        "repo": "nix.home.media",
        "rev": "228a1b17ed4bdcc636fd17306baa519335ba0630",
        "type": "github"
      },
      "original": {
        "owner": "signalwalker",
        "repo": "nix.home.media",
        "type": "github"
      }
    },
    "mozilla": {
      "locked": {
        "lastModified": 1664789696,
        "narHash": "sha256-UGWJHQShiwLCr4/DysMVFrYdYYHcOqAOVsWNUu+l6YU=",
        "owner": "mozilla",
        "repo": "nixpkgs-mozilla",
        "rev": "80627b282705101e7b38e19ca6e8df105031b072",
        "type": "github"
      },
      "original": {
        "owner": "mozilla",
        "repo": "nixpkgs-mozilla",
        "type": "github"
      }
    },
    "naersk": {
      "inputs": {
        "nixpkgs": [
          "ash-scripts",
          "nixpkgs"
        ]
      },
      "locked": {
        "lastModified": 1662220400,
        "narHash": "sha256-9o2OGQqu4xyLZP9K6kNe1pTHnyPz0Wr3raGYnr9AIgY=",
        "owner": "nix-community",
        "repo": "naersk",
        "rev": "6944160c19cb591eb85bbf9b2f2768a935623ed3",
        "type": "github"
      },
      "original": {
        "owner": "nix-community",
        "repo": "naersk",
        "type": "github"
      }
    },
    "naersk_2": {
      "inputs": {
        "nixpkgs": [
          "homedev",
          "rnix-lsp",
          "nixpkgs"
        ]
      },
      "locked": {
        "lastModified": 1655042882,
        "narHash": "sha256-9BX8Fuez5YJlN7cdPO63InoyBy7dm3VlJkkmTt6fS1A=",
        "owner": "nix-community",
        "repo": "naersk",
        "rev": "cddffb5aa211f50c4b8750adbec0bbbdfb26bb9f",
        "type": "github"
      },
      "original": {
        "owner": "nix-community",
        "repo": "naersk",
        "type": "github"
      }
    },
    "neovim": {
      "inputs": {
        "flake-utils": "flake-utils_2",
        "nixpkgs": [
          "homedev",
          "nixpkgs"
        ]
      },
      "locked": {
        "dir": "contrib",
        "lastModified": 1666199281,
        "narHash": "sha256-0hPwjHBszpgiSJvsgquXkN5C8XWS7S8ziFEafXgvYeY=",
        "owner": "neovim",
        "repo": "neovim",
        "rev": "fad558b6affd54075654dd55922348f76a95e338",
        "type": "github"
      },
      "original": {
        "dir": "contrib",
        "owner": "neovim",
        "repo": "neovim",
        "type": "github"
      }
    },
    "nix-direnv": {
      "inputs": {
        "flake-utils": "flake-utils_3",
        "nixpkgs": [
          "homedev",
          "nixpkgs"
        ]
      },
      "locked": {
        "lastModified": 1665995306,
        "narHash": "sha256-8owew1r1oLnYqKJsLcdtn44CRps2kaxfFGciOotSsvg=",
        "owner": "nix-community",
        "repo": "nix-direnv",
        "rev": "07d37addc59cefca102679a53ac91c0ae40785eb",
        "type": "github"
      },
      "original": {
        "owner": "nix-community",
        "repo": "nix-direnv",
        "type": "github"
      }
    },
    "nixlib": {
      "locked": {
        "lastModified": 1636849918,
        "narHash": "sha256-nzUK6dPcTmNVrgTAC1EOybSMsrcx+QrVPyqRdyKLkjA=",
        "owner": "nix-community",
        "repo": "nixpkgs.lib",
        "rev": "28a5b0557f14124608db68d3ee1f77e9329e9dd5",
        "type": "github"
      },
      "original": {
        "owner": "nix-community",
        "repo": "nixpkgs.lib",
        "type": "github"
      }
    },
    "nixos-generators": {
      "inputs": {
        "nixlib": "nixlib",
        "nixpkgs": [
          "sysbase",
          "nixpkgs"
        ]
      },
      "locked": {
        "lastModified": 1666016402,
        "narHash": "sha256-Cm/nrdUMXwXiFQforG1Mv8OA4o8yhuVx6E1eDFH4rew=",
        "owner": "nix-community",
        "repo": "nixos-generators",
        "rev": "688db42a1eb34853f050267ff65c975f664312f0",
        "type": "github"
      },
      "original": {
        "owner": "nix-community",
        "repo": "nixos-generators",
        "type": "github"
      }
    },
    "nixpkgs": {
      "locked": {
        "lastModified": 1666183223,
        "narHash": "sha256-/wpa+n39yEIzyoRH4OOldkM3kdx22ciD3fMz3U8xyXY=",
        "owner": "NixOS",
        "repo": "nixpkgs",
        "rev": "d2cfe468f81b5380a24a4de4f66c57d94ee9ca0e",
        "type": "github"
      },
      "original": {
        "owner": "NixOS",
        "ref": "nixpkgs-unstable",
        "repo": "nixpkgs",
        "type": "github"
      }
    },
    "polybar-scripts": {
      "flake": false,
      "locked": {
        "lastModified": 1665776676,
        "narHash": "sha256-blBBGbAMtJXAuHYdTRiLbSNtcCe1i/4tpfZvq5xHbeE=",
        "owner": "polybar",
        "repo": "polybar-scripts",
        "rev": "cfe5f5079170f0855d9383b513a36c68b474f44a",
        "type": "github"
      },
      "original": {
        "owner": "polybar",
        "repo": "polybar-scripts",
        "type": "github"
      }
    },
    "rnix-lsp": {
      "inputs": {
        "naersk": "naersk_2",
        "nixpkgs": [
          "homedev",
          "nixpkgs"
        ],
        "utils": "utils_2"
      },
      "locked": {
        "lastModified": 1663380950,
        "narHash": "sha256-OKLyIXIXhUnRB3Xw+7zI3u6XkwF7Mrbfz1XaasV6i7Q=",
        "owner": "nix-community",
        "repo": "rnix-lsp",
        "rev": "6925256babec4307479a4080b44f2be38056f210",
        "type": "github"
      },
      "original": {
        "owner": "nix-community",
        "repo": "rnix-lsp",
        "type": "github"
      }
    },
    "root": {
      "inputs": {
        "alejandra": "alejandra",
        "ash-scripts": "ash-scripts",
        "home-manager": "home-manager",
        "homebase": "homebase",
        "homedesk": "homedesk",
        "homedev": "homedev",
        "homelib": "homelib",
        "homemedia": "homemedia",
        "mozilla": "mozilla",
        "nixpkgs": "nixpkgs",
        "polybar-scripts": "polybar-scripts",
        "sysbase": "sysbase",
        "wired": "wired"
      }
    },
    "rust-analyzer-src": {
      "flake": false,
      "locked": {
        "lastModified": 1657557289,
        "narHash": "sha256-PRW+nUwuqNTRAEa83SfX+7g+g8nQ+2MMbasQ9nt6+UM=",
        "owner": "rust-lang",
        "repo": "rust-analyzer",
        "rev": "caf23f29144b371035b864a1017dbc32573ad56d",
        "type": "github"
      },
      "original": {
        "owner": "rust-lang",
        "ref": "nightly",
        "repo": "rust-analyzer",
        "type": "github"
      }
    },
    "rust-analyzer-src_2": {
      "flake": false,
      "locked": {
        "lastModified": 1657557289,
        "narHash": "sha256-PRW+nUwuqNTRAEa83SfX+7g+g8nQ+2MMbasQ9nt6+UM=",
        "owner": "rust-lang",
        "repo": "rust-analyzer",
        "rev": "caf23f29144b371035b864a1017dbc32573ad56d",
        "type": "github"
      },
      "original": {
        "owner": "rust-lang",
        "ref": "nightly",
        "repo": "rust-analyzer",
        "type": "github"
      }
    },
    "rust-analyzer-src_3": {
      "flake": false,
      "locked": {
        "lastModified": 1645205556,
        "narHash": "sha256-e4lZW3qRyOEJ+vLKFQP7m2Dxh5P44NrnekZYLxlucww=",
        "owner": "rust-analyzer",
        "repo": "rust-analyzer",
        "rev": "acf5874b39f3dc5262317a6074d9fc7285081161",
        "type": "github"
      },
      "original": {
        "owner": "rust-analyzer",
        "ref": "nightly",
        "repo": "rust-analyzer",
        "type": "github"
      }
    },
    "statix": {
      "inputs": {
        "fenix": "fenix_3",
        "gitignore": "gitignore",
        "nixpkgs": [
          "homedev",
          "nixpkgs"
        ]
      },
      "locked": {
        "lastModified": 1663988440,
        "narHash": "sha256-WVwLYETylrLu74Oix+b7WVXGRT6SGJ3PEoQ4RgKwgNE=",
        "owner": "nerdypepper",
        "repo": "statix",
        "rev": "6b490d712ec88460e1f9d85d7f97fdaa85d800e8",
        "type": "github"
      },
      "original": {
        "owner": "nerdypepper",
        "repo": "statix",
        "type": "github"
      }
    },
    "sysCfg": {
      "flake": false,
      "locked": {
        "lastModified": 1663715229,
        "narHash": "sha256-kFa+9WK7U0Exzo9LqmNzT4d8FQtzoMMkvYL+UklRIcU=",
        "path": "/etc/nixos",
        "type": "path"
      },
      "original": {
        "path": "/etc/nixos",
        "type": "path"
      }
    },
    "sysbase": {
      "inputs": {
        "alejandra": [
          "alejandra"
        ],
        "home-manager": "home-manager_2",
        "homebase": [
          "homebase"
        ],
        "homelib": [
          "homelib"
        ],
        "nixos-generators": "nixos-generators",
        "nixpkgs": [
          "nixpkgs"
        ],
        "sysCfg": "sysCfg"
      },
      "locked": {
        "lastModified": 1666214273,
        "narHash": "sha256-GcSEOjD1HZp79H8X7AsX7knMEF4+16ZjasZFcQKh6pw=",
        "owner": "signalwalker",
        "repo": "nix.sys.base",
        "rev": "9edf5361665ee1da51ae2b76ef629eb7ea191ac8",
        "type": "github"
      },
      "original": {
        "owner": "signalwalker",
        "repo": "nix.sys.base",
        "type": "github"
      }
    },
    "utils": {
      "locked": {
        "lastModified": 1659877975,
        "narHash": "sha256-zllb8aq3YO3h8B/U0/J1WBgAL8EX5yWf5pMj3G0NAmc=",
        "owner": "numtide",
        "repo": "flake-utils",
        "rev": "c0e246b9b83f637f4681389ecabcb2681b4f3af0",
        "type": "github"
      },
      "original": {
        "owner": "numtide",
        "repo": "flake-utils",
        "type": "github"
      }
    },
    "utils_2": {
      "locked": {
        "lastModified": 1656928814,
        "narHash": "sha256-RIFfgBuKz6Hp89yRr7+NR5tzIAbn52h8vT6vXkYjZoM=",
        "owner": "numtide",
        "repo": "flake-utils",
        "rev": "7e2a3b3dfd9af950a856d66b0a7d01e3c18aa249",
        "type": "github"
      },
      "original": {
        "owner": "numtide",
        "repo": "flake-utils",
        "type": "github"
      }
    },
    "utils_3": {
      "locked": {
        "lastModified": 1659877975,
        "narHash": "sha256-zllb8aq3YO3h8B/U0/J1WBgAL8EX5yWf5pMj3G0NAmc=",
        "owner": "numtide",
        "repo": "flake-utils",
        "rev": "c0e246b9b83f637f4681389ecabcb2681b4f3af0",
        "type": "github"
      },
      "original": {
        "owner": "numtide",
        "repo": "flake-utils",
        "type": "github"
      }
    },
    "utils_4": {
      "locked": {
        "lastModified": 1652776076,
        "narHash": "sha256-gzTw/v1vj4dOVbpBSJX4J0DwUR6LIyXo7/SuuTJp1kM=",
        "owner": "numtide",
        "repo": "flake-utils",
        "rev": "04c1b180862888302ddfb2e3ad9eaa63afc60cf8",
        "type": "github"
      },
      "original": {
        "owner": "numtide",
        "repo": "flake-utils",
        "type": "github"
      }
    },
    "wired": {
      "inputs": {
        "alejandra": "alejandra_3",
        "nixpkgs": [
          "nixpkgs"
        ],
        "utils": "utils_4"
      },
      "locked": {
        "lastModified": 1665825115,
        "narHash": "sha256-KZ4mLzR6lqYGFEiwMF0KmYIKEN7isY9nOG10jRbcXBM=",
        "owner": "Toqozz",
        "repo": "wired-notify",
        "rev": "9bd2ca3625091ed2b0e35321ee41a5d5e1327a4b",
        "type": "github"
      },
      "original": {
        "owner": "Toqozz",
        "repo": "wired-notify",
        "type": "github"
      }
    },
    "xremap": {
      "inputs": {
        "alejandra": [
          "homedesk",
          "alejandra"
        ],
        "crane": "crane",
        "nixpkgs": [
          "homedesk",
          "nixpkgs"
        ]
      },
      "locked": {
        "lastModified": 1663694883,
        "narHash": "sha256-6jqosS4FBKZl0zz4MRwNAoVP39I3D9Xi45UtArxMP74=",
        "owner": "signalwalker",
        "repo": "xremap",
        "rev": "9cd1304062ab5280958e3a8682740efe30b3ebbd",
        "type": "github"
      },
      "original": {
        "owner": "signalwalker",
        "repo": "xremap",
        "type": "github"
      }
    }
  },
  "root": "root",
  "version": 7
}
